// !$*UTF8*$!
{
	archiveVersion = 1;
	classes = {
	};
	objectVersion = 50;
	objects = {

/* Begin PBXBuildFile section */
		1022CD78217DC98700F5F6CF /* AppDelegate.swift in Sources */ = {isa = PBXBuildFile; fileRef = 1022CD77217DC98700F5F6CF /* AppDelegate.swift */; };
		1022CD7A217DC98700F5F6CF /* MemeEditorViewController.swift in Sources */ = {isa = PBXBuildFile; fileRef = 1022CD79217DC98700F5F6CF /* MemeEditorViewController.swift */; };
		1022CD7D217DC98700F5F6CF /* Main.storyboard in Resources */ = {isa = PBXBuildFile; fileRef = 1022CD7B217DC98700F5F6CF /* Main.storyboard */; };
		1022CD7F217DC98800F5F6CF /* Assets.xcassets in Resources */ = {isa = PBXBuildFile; fileRef = 1022CD7E217DC98800F5F6CF /* Assets.xcassets */; };
		1022CD82217DC98800F5F6CF /* LaunchScreen.storyboard in Resources */ = {isa = PBXBuildFile; fileRef = 1022CD80217DC98800F5F6CF /* LaunchScreen.storyboard */; };
		1033F43A21870A4F00F29F98 /* MemesTableViewController.swift in Sources */ = {isa = PBXBuildFile; fileRef = 1033F43921870A4F00F29F98 /* MemesTableViewController.swift */; };
		10AFA5CC21864139001166C2 /* Meme.swift in Sources */ = {isa = PBXBuildFile; fileRef = 10AFA5CB21864139001166C2 /* Meme.swift */; };
		10AFA5CE21864445001166C2 /* MemesTableViewController1.swift in Sources */ = {isa = PBXBuildFile; fileRef = 10AFA5CD21864445001166C2 /* MemesTableViewController1.swift */; };
		10AFA5D321866ED6001166C2 /* ShowMemeImageViewController.swift in Sources */ = {isa = PBXBuildFile; fileRef = 10AFA5D221866ED6001166C2 /* ShowMemeImageViewController.swift */; };
		10F38581218206280063D1CF /* PreventTextOfTextFieldExceedDelegate.swift in Sources */ = {isa = PBXBuildFile; fileRef = 10F38580218206280063D1CF /* PreventTextOfTextFieldExceedDelegate.swift */; };
/* End PBXBuildFile section */

/* Begin PBXFileReference section */
		1022CD74217DC98700F5F6CF /* MemeMe.app */ = {isa = PBXFileReference; explicitFileType = wrapper.application; includeInIndex = 0; path = MemeMe.app; sourceTree = BUILT_PRODUCTS_DIR; };
		1022CD77217DC98700F5F6CF /* AppDelegate.swift */ = {isa = PBXFileReference; lastKnownFileType = sourcecode.swift; path = AppDelegate.swift; sourceTree = "<group>"; };
		1022CD79217DC98700F5F6CF /* MemeEditorViewController.swift */ = {isa = PBXFileReference; lastKnownFileType = sourcecode.swift; path = MemeEditorViewController.swift; sourceTree = "<group>"; };
		1022CD7C217DC98700F5F6CF /* Base */ = {isa = PBXFileReference; lastKnownFileType = file.storyboard; name = Base; path = Base.lproj/Main.storyboard; sourceTree = "<group>"; };
		1022CD7E217DC98800F5F6CF /* Assets.xcassets */ = {isa = PBXFileReference; lastKnownFileType = folder.assetcatalog; path = Assets.xcassets; sourceTree = "<group>"; };
		1022CD81217DC98800F5F6CF /* Base */ = {isa = PBXFileReference; lastKnownFileType = file.storyboard; name = Base; path = Base.lproj/LaunchScreen.storyboard; sourceTree = "<group>"; };
		1022CD83217DC98800F5F6CF /* Info.plist */ = {isa = PBXFileReference; lastKnownFileType = text.plist.xml; path = Info.plist; sourceTree = "<group>"; };
		1033F43921870A4F00F29F98 /* MemesTableViewController.swift */ = {isa = PBXFileReference; lastKnownFileType = sourcecode.swift; path = MemesTableViewController.swift; sourceTree = "<group>"; };
		10AFA5CB21864139001166C2 /* Meme.swift */ = {isa = PBXFileReference; lastKnownFileType = sourcecode.swift; path = Meme.swift; sourceTree = "<group>"; };
		10AFA5CD21864445001166C2 /* MemesTableViewController1.swift */ = {isa = PBXFileReference; lastKnownFileType = sourcecode.swift; path = MemesTableViewController1.swift; sourceTree = "<group>"; };
		10AFA5D221866ED6001166C2 /* ShowMemeImageViewController.swift */ = {isa = PBXFileReference; lastKnownFileType = sourcecode.swift; path = ShowMemeImageViewController.swift; sourceTree = "<group>"; };
		10F38580218206280063D1CF /* PreventTextOfTextFieldExceedDelegate.swift */ = {isa = PBXFileReference; lastKnownFileType = sourcecode.swift; path = PreventTextOfTextFieldExceedDelegate.swift; sourceTree = "<group>"; };
/* End PBXFileReference section */

/* Begin PBXFrameworksBuildPhase section */
		1022CD71217DC98700F5F6CF /* Frameworks */ = {
			isa = PBXFrameworksBuildPhase;
			buildActionMask = 2147483647;
			files = (
			);
			runOnlyForDeploymentPostprocessing = 0;
		};
/* End PBXFrameworksBuildPhase section */

/* Begin PBXGroup section */
		1022CD6B217DC98700F5F6CF = {
			isa = PBXGroup;
			children = (
				1022CD76217DC98700F5F6CF /* MemeMe */,
				1022CD75217DC98700F5F6CF /* Products */,
			);
			sourceTree = "<group>";
		};
		1022CD75217DC98700F5F6CF /* Products */ = {
			isa = PBXGroup;
			children = (
				1022CD74217DC98700F5F6CF /* MemeMe.app */,
			);
			name = Products;
			sourceTree = "<group>";
		};
		1022CD76217DC98700F5F6CF /* MemeMe */ = {
			isa = PBXGroup;
			children = (
				10AFA5D021864508001166C2 /* Storyboard */,
				10AFA5CF2186448C001166C2 /* Swift Files */,
				1022CD7E217DC98800F5F6CF /* Assets.xcassets */,
				10AFA5D12186452E001166C2 /* Resources */,
			);
			path = MemeMe;
			sourceTree = "<group>";
		};
		10AFA5CF2186448C001166C2 /* Swift Files */ = {
			isa = PBXGroup;
			children = (
				1022CD77217DC98700F5F6CF /* AppDelegate.swift */,
				1022CD79217DC98700F5F6CF /* MemeEditorViewController.swift */,
				10AFA5CD21864445001166C2 /* MemesTableViewController1.swift */,
				10F38580218206280063D1CF /* PreventTextOfTextFieldExceedDelegate.swift */,
				10AFA5CB21864139001166C2 /* Meme.swift */,
				10AFA5D221866ED6001166C2 /* ShowMemeImageViewController.swift */,
				1033F43921870A4F00F29F98 /* MemesTableViewController.swift */,
			);
			path = "Swift Files";
			sourceTree = "<group>";
		};
		10AFA5D021864508001166C2 /* Storyboard */ = {
			isa = PBXGroup;
			children = (
				1022CD7B217DC98700F5F6CF /* Main.storyboard */,
				1022CD80217DC98800F5F6CF /* LaunchScreen.storyboard */,
			);
			path = Storyboard;
			sourceTree = "<group>";
		};
		10AFA5D12186452E001166C2 /* Resources */ = {
			isa = PBXGroup;
			children = (
				1022CD83217DC98800F5F6CF /* Info.plist */,
			);
			path = Resources;
			sourceTree = "<group>";
		};
/* End PBXGroup section */

/* Begin PBXNativeTarget section */
		1022CD73217DC98700F5F6CF /* MemeMe */ = {
			isa = PBXNativeTarget;
			buildConfigurationList = 1022CD86217DC98800F5F6CF /* Build configuration list for PBXNativeTarget "MemeMe" */;
			buildPhases = (
				1022CD70217DC98700F5F6CF /* Sources */,
				1022CD71217DC98700F5F6CF /* Frameworks */,
				1022CD72217DC98700F5F6CF /* Resources */,
			);
			buildRules = (
			);
			dependencies = (
			);
			name = MemeMe;
			productName = MemeMe;
			productReference = 1022CD74217DC98700F5F6CF /* MemeMe.app */;
			productType = "com.apple.product-type.application";
		};
/* End PBXNativeTarget section */

/* Begin PBXProject section */
		1022CD6C217DC98700F5F6CF /* Project object */ = {
			isa = PBXProject;
			attributes = {
				LastSwiftUpdateCheck = 1000;
				LastUpgradeCheck = 1000;
				ORGANIZATIONNAME = Maha_AlOtaibi;
				TargetAttributes = {
					1022CD73217DC98700F5F6CF = {
						CreatedOnToolsVersion = 10.0;
					};
				};
			};
			buildConfigurationList = 1022CD6F217DC98700F5F6CF /* Build configuration list for PBXProject "MemeMe" */;
			compatibilityVersion = "Xcode 9.3";
			developmentRegion = en;
			hasScannedForEncodings = 0;
			knownRegions = (
				en,
				Base,
			);
			mainGroup = 1022CD6B217DC98700F5F6CF;
			productRefGroup = 1022CD75217DC98700F5F6CF /* Products */;
			projectDirPath = "";
			projectRoot = "";
			targets = (
				1022CD73217DC98700F5F6CF /* MemeMe */,
			);
		};
/* End PBXProject section */

/* Begin PBXResourcesBuildPhase section */
		1022CD72217DC98700F5F6CF /* Resources */ = {
			isa = PBXResourcesBuildPhase;
			buildActionMask = 2147483647;
			files = (
				1022CD82217DC98800F5F6CF /* LaunchScreen.storyboard in Resources */,
				1022CD7F217DC98800F5F6CF /* Assets.xcassets in Resources */,
				1022CD7D217DC98700F5F6CF /* Main.storyboard in Resources */,
			);
			runOnlyForDeploymentPostprocessing = 0;
		};
/* End PBXResourcesBuildPhase section */

/* Begin PBXSourcesBuildPhase section */
		1022CD70217DC98700F5F6CF /* Sources */ = {
			isa = PBXSourcesBuildPhase;
			buildActionMask = 2147483647;
			files = (
				1022CD7A217DC98700F5F6CF /* MemeEditorViewController.swift in Sources */,
				10AFA5D321866ED6001166C2 /* ShowMemeImageViewController.swift in Sources */,
				10AFA5CC21864139001166C2 /* Meme.swift in Sources */,
				10AFA5CE21864445001166C2 /* MemesTableViewController1.swift in Sources */,
				1033F43A21870A4F00F29F98 /* MemesTableViewController.swift in Sources */,
				1022CD78217DC98700F5F6CF /* AppDelegate.swift in Sources */,
				10F38581218206280063D1CF /* PreventTextOfTextFieldExceedDelegate.swift in Sources */,
			);
			runOnlyForDeploymentPostprocessing = 0;
		};
/* End PBXSourcesBuildPhase section */

/* Begin PBXVariantGroup section */
		1022CD7B217DC98700F5F6CF /* Main.storyboard */ = {
			isa = PBXVariantGroup;
			children = (
				1022CD7C217DC98700F5F6CF /* Base */,
			);
			name = Main.storyboard;
			sourceTree = "<group>";
		};
		1022CD80217DC98800F5F6CF /* LaunchScreen.storyboard */ = {
			isa = PBXVariantGroup;
			children = (
				1022CD81217DC98800F5F6CF /* Base */,
			);
			name = LaunchScreen.storyboard;
			sourceTree = "<group>";
		};
/* End PBXVariantGroup section */

/* Begin XCBuildConfiguration section */
		1022CD84217DC98800F5F6CF /* Debug */ = {
			isa = XCBuildConfiguration;
			buildSettings = {
				ALWAYS_SEARCH_USER_PATHS = NO;
				CLANG_ANALYZER_NONNULL = YES;
				CLANG_ANALYZER_NUMBER_OBJECT_CONVERSION = YES_AGGRESSIVE;
				CLANG_CXX_LANGUAGE_STANDARD = "gnu++14";
				CLANG_CXX_LIBRARY = "libc++";
				CLANG_ENABLE_MODULES = YES;
				CLANG_ENABLE_OBJC_ARC = YES;
				CLANG_ENABLE_OBJC_WEAK = YES;
				CLANG_WARN_BLOCK_CAPTURE_AUTORELEASING = YES;
				CLANG_WARN_BOOL_CONVERSION = YES;
				CLANG_WARN_COMMA = YES;
				CLANG_WARN_CONSTANT_CONVERSION = YES;
				CLANG_WARN_DEPRECATED_OBJC_IMPLEMENTATIONS = YES;
				CLANG_WARN_DIRECT_OBJC_ISA_USAGE = YES_ERROR;
				CLANG_WARN_DOCUMENTATION_COMMENTS = YES;
				CLANG_WARN_EMPTY_BODY = YES;
				CLANG_WARN_ENUM_CONVERSION = YES;
				CLANG_WARN_INFINITE_RECURSION = YES;
				CLANG_WARN_INT_CONVERSION = YES;
				CLANG_WARN_NON_LITERAL_NULL_CONVERSION = YES;
				CLANG_WARN_OBJC_IMPLICIT_RETAIN_SELF = YES;
				CLANG_WARN_OBJC_LITERAL_CONVERSION = YES;
				CLANG_WARN_OBJC_ROOT_CLASS = YES_ERROR;
				CLANG_WARN_RANGE_LOOP_ANALYSIS = YES;
				CLANG_WARN_STRICT_PROTOTYPES = YES;
				CLANG_WARN_SUSPICIOUS_MOVE = YES;
				CLANG_WARN_UNGUARDED_AVAILABILITY = YES_AGGRESSIVE;
				CLANG_WARN_UNREACHABLE_CODE = YES;
				CLANG_WARN__DUPLICATE_METHOD_MATCH = YES;
				CODE_SIGN_IDENTITY = "iPhone Developer";
				COPY_PHASE_STRIP = NO;
				DEBUG_INFORMATION_FORMAT = dwarf;
				ENABLE_STRICT_OBJC_MSGSEND = YES;
				ENABLE_TESTABILITY = YES;
				GCC_C_LANGUAGE_STANDARD = gnu11;
				GCC_DYNAMIC_NO_PIC = NO;
				GCC_NO_COMMON_BLOCKS = YES;
				GCC_OPTIMIZATION_LEVEL = 0;
				GCC_PREPROCESSOR_DEFINITIONS = (
					"DEBUG=1",
					"$(inherited)",
				);
				GCC_WARN_64_TO_32_BIT_CONVERSION = YES;
				GCC_WARN_ABOUT_RETURN_TYPE = YES_ERROR;
				GCC_WARN_UNDECLARED_SELECTOR = YES;
				GCC_WARN_UNINITIALIZED_AUTOS = YES_AGGRESSIVE;
				GCC_WARN_UNUSED_FUNCTION = YES;
				GCC_WARN_UNUSED_VARIABLE = YES;
				IPHONEOS_DEPLOYMENT_TARGET = 12.0;
				MTL_ENABLE_DEBUG_INFO = INCLUDE_SOURCE;
				MTL_FAST_MATH = YES;
				ONLY_ACTIVE_ARCH = YES;
				SDKROOT = iphoneos;
				SWIFT_ACTIVE_COMPILATION_CONDITIONS = DEBUG;
				SWIFT_OPTIMIZATION_LEVEL = "-Onone";
			};
			name = Debug;
		};
		1022CD85217DC98800F5F6CF /* Release */ = {
			isa = XCBuildConfiguration;
			buildSettings = {
				ALWAYS_SEARCH_USER_PATHS = NO;
				CLANG_ANALYZER_NONNULL = YES;
				CLANG_ANALYZER_NUMBER_OBJECT_CONVERSION = YES_AGGRESSIVE;
				CLANG_CXX_LANGUAGE_STANDARD = "gnu++14";
				CLANG_CXX_LIBRARY = "libc++";
				CLANG_ENABLE_MODULES = YES;
				CLANG_ENABLE_OBJC_ARC = YES;
				CLANG_ENABLE_OBJC_WEAK = YES;
				CLANG_WARN_BLOCK_CAPTURE_AUTORELEASING = YES;
				CLANG_WARN_BOOL_CONVERSION = YES;
				CLANG_WARN_COMMA = YES;
				CLANG_WARN_CONSTANT_CONVERSION = YES;
				CLANG_WARN_DEPRECATED_OBJC_IMPLEMENTATIONS = YES;
				CLANG_WARN_DIRECT_OBJC_ISA_USAGE = YES_ERROR;
				CLANG_WARN_DOCUMENTATION_COMMENTS = YES;
				CLANG_WARN_EMPTY_BODY = YES;
				CLANG_WARN_ENUM_CONVERSION = YES;
				CLANG_WARN_INFINITE_RECURSION = YES;
				CLANG_WARN_INT_CONVERSION = YES;
				CLANG_WARN_NON_LITERAL_NULL_CONVERSION = YES;
				CLANG_WARN_OBJC_IMPLICIT_RETAIN_SELF = YES;
				CLANG_WARN_OBJC_LITERAL_CONVERSION = YES;
				CLANG_WARN_OBJC_ROOT_CLASS = YES_ERROR;
				CLANG_WARN_RANGE_LOOP_ANALYSIS = YES;
				CLANG_WARN_STRICT_PROTOTYPES = YES;
				CLANG_WARN_SUSPICIOUS_MOVE = YES;
				CLANG_WARN_UNGUARDED_AVAILABILITY = YES_AGGRESSIVE;
				CLANG_WARN_UNREACHABLE_CODE = YES;
				CLANG_WARN__DUPLICATE_METHOD_MATCH = YES;
				CODE_SIGN_IDENTITY = "iPhone Developer";
				COPY_PHASE_STRIP = NO;
				DEBUG_INFORMATION_FORMAT = "dwarf-with-dsym";
				ENABLE_NS_ASSERTIONS = NO;
				ENABLE_STRICT_OBJC_MSGSEND = YES;
				GCC_C_LANGUAGE_STANDARD = gnu11;
				GCC_NO_COMMON_BLOCKS = YES;
				GCC_WARN_64_TO_32_BIT_CONVERSION = YES;
				GCC_WARN_ABOUT_RETURN_TYPE = YES_ERROR;
				GCC_WARN_UNDECLARED_SELECTOR = YES;
				GCC_WARN_UNINITIALIZED_AUTOS = YES_AGGRESSIVE;
				GCC_WARN_UNUSED_FUNCTION = YES;
				GCC_WARN_UNUSED_VARIABLE = YES;
				IPHONEOS_DEPLOYMENT_TARGET = 12.0;
				MTL_ENABLE_DEBUG_INFO = NO;
				MTL_FAST_MATH = YES;
				SDKROOT = iphoneos;
				SWIFT_COMPILATION_MODE = wholemodule;
				SWIFT_OPTIMIZATION_LEVEL = "-O";
				VALIDATE_PRODUCT = YES;
			};
			name = Release;
		};
		1022CD87217DC98800F5F6CF /* Debug */ = {
			isa = XCBuildConfiguration;
			buildSettings = {
				ASSETCATALOG_COMPILER_APPICON_NAME = AppIcon;
				CODE_SIGN_STYLE = Automatic;
				DEVELOPMENT_TEAM = X5VBVX7MSQ;
				INFOPLIST_FILE = "$(SRCROOT)/MemeMe/Resources/Info.plist";
				LD_RUNPATH_SEARCH_PATHS = (
					"$(inherited)",
					"@executable_path/Frameworks",
				);
				PRODUCT_BUNDLE_IDENTIFIER = "com.Maha-AlOtaibi.MemeMe";
				PRODUCT_NAME = "$(TARGET_NAME)";
				SWIFT_VERSION = 4.2;
				TARGETED_DEVICE_FAMILY = "1,2";
			};
			name = Debug;
		};
		1022CD88217DC98800F5F6CF /* Release */ = {
			isa = XCBuildConfiguration;
			buildSettings = {
				ASSETCATALOG_COMPILER_APPICON_NAME = AppIcon;
				CODE_SIGN_STYLE = Automatic;
				DEVELOPMENT_TEAM = X5VBVX7MSQ;
				INFOPLIST_FILE = "$(SRCROOT)/MemeMe/Resources/Info.plist";
				LD_RUNPATH_SEARCH_PATHS = (
					"$(inherited)",
					"@executable_path/Frameworks",
				);
				PRODUCT_BUNDLE_IDENTIFIER = "com.Maha-AlOtaibi.MemeMe";
				PRODUCT_NAME = "$(TARGET_NAME)";
				SWIFT_VERSION = 4.2;
				TARGETED_DEVICE_FAMILY = "1,2";
			};
			name = Release;
		};
/* End XCBuildConfiguration section */

/* Begin XCConfigurationList section */
		1022CD6F217DC98700F5F6CF /* Build configuration list for PBXProject "MemeMe" */ = {
			isa = XCConfigurationList;
			buildConfigurations = (
				1022CD84217DC98800F5F6CF /* Debug */,
				1022CD85217DC98800F5F6CF /* Release */,
			);
			defaultConfigurationIsVisible = 0;
			defaultConfigurationName = Release;
		};
		1022CD86217DC98800F5F6CF /* Build configuration list for PBXNativeTarget "MemeMe" */ = {
			isa = XCConfigurationList;
			buildConfigurations = (
				1022CD87217DC98800F5F6CF /* Debug */,
				1022CD88217DC98800F5F6CF /* Release */,
			);
			defaultConfigurationIsVisible = 0;
			defaultConfigurationName = Release;
		};
/* End XCConfigurationList section */
	};
	rootObject = 1022CD6C217DC98700F5F6CF /* Project object */;
}
